
Microsoft Visual Studio Solution File, Format Version 12.00
# Visual Studio Version 17
VisualStudioVersion = 17.0.32014.148
MinimumVisualStudioVersion = 10.0.40219.1
Project("{FAE04EC0-301F-11D3-BF4B-00C04F79EFBC}") = "ConsoleApp9", "ConsoleApp9.csproj", "{0B9C4398-0443-4434-964B-2606E97BBFB5}"
EndProject
Global
	GlobalSection(SolutionConfigurationPlatforms) = preSolution
		Debug|Any CPU = Debug|Any CPU
		Release|Any CPU = Release|Any CPU
	EndGlobalSection
	GlobalSection(ProjectConfigurationPlatforms) = postSolution
		{0B9C4398-0443-4434-964B-2606E97BBFB5}.Debug|Any CPU.ActiveCfg = Debug|Any CPU
		{0B9C4398-0443-4434-964B-2606E97BBFB5}.Debug|Any CPU.Build.0 = Debug|Any CPU
		{0B9C4398-0443-4434-964B-2606E97BBFB5}.Release|Any CPU.ActiveCfg = Release|Any CPU
		{0B9C4398-0443-4434-964B-2606E97BBFB5}.Release|Any CPU.Build.0 = Release|Any CPU
	EndGlobalSection
	GlobalSection(SolutionProperties) = preSolution
		HideSolutionNode = FALSE
	EndGlobalSection
	GlobalSection(ExtensibilityGlobals) = postSolution
		SolutionGuid = {14C60040-8C78-4A59-8973-A04F28519004}
	EndGlobalSection
EndGlobal
